{
  "name": "rt-api-prototype",
  "lockfileVersion": 2,
  "requires": true,
  "packages": {
    "": {
      "name": "rt-api-prototype",
      "dependencies": {
        "pixi-viewport": "^5.0.2",
        "pixi.js": "7.3.1",
        "react": "^18.2.0",
        "thyseus": "^0.15.0",
        "vite": "^4.4.11"
      },
      "devDependencies": {
        "@types/node": "20.8.3",
        "@types/react": "18.2.25",
        "bun-types": "latest",
        "concurrently": "^8.2.1"
      },
      "peerDependencies": {
        "typescript": "^5.0.0"
      }
    },
    "node_modules/@babel/runtime": {
      "version": "7.23.1",
      "dev": true,
      "license": "MIT",
      "dependencies": {
        "regenerator-runtime": "^0.14.0"
      },
      "engines": {
        "node": ">=6.9.0"
      }
    },
    "node_modules/@esbuild/darwin-arm64": {
      "version": "0.18.20",
      "cpu": [
        "arm64"
      ],
      "license": "MIT",
      "optional": true,
      "os": [
        "darwin"
      ],
      "engines": {
        "node": ">=12"
      }
    },
    "node_modules/@pixi/accessibility": {
      "version": "7.3.1",
      "license": "MIT",
      "peerDependencies": {
        "@pixi/core": "7.3.1",
        "@pixi/display": "7.3.1",
        "@pixi/events": "7.3.1"
      }
    },
    "node_modules/@pixi/app": {
      "version": "7.3.1",
      "license": "MIT",
      "peerDependencies": {
        "@pixi/core": "7.3.1",
        "@pixi/display": "7.3.1"
      }
    },
    "node_modules/@pixi/assets": {
      "version": "7.3.1",
      "license": "MIT",
      "dependencies": {
        "@types/css-font-loading-module": "^0.0.7"
      },
      "peerDependencies": {
        "@pixi/core": "7.3.1",
        "@pixi/utils": "7.3.1"
      }
    },
    "node_modules/@pixi/color": {
      "version": "7.3.1",
      "license": "MIT",
      "dependencies": {
        "@pixi/colord": "^2.9.4"
      }
    },
    "node_modules/@pixi/colord": {
      "version": "2.9.6",
      "license": "MIT"
    },
    "node_modules/@pixi/compressed-textures": {
      "version": "7.3.1",
      "license": "MIT",
      "peerDependencies": {
        "@pixi/assets": "7.3.1",
        "@pixi/core": "7.3.1"
      }
    },
    "node_modules/@pixi/constants": {
      "version": "7.3.1",
      "license": "MIT"
    },
    "node_modules/@pixi/core": {
      "version": "7.3.1",
      "license": "MIT",
      "dependencies": {
        "@pixi/color": "7.3.1",
        "@pixi/constants": "7.3.1",
        "@pixi/extensions": "7.3.1",
        "@pixi/math": "7.3.1",
        "@pixi/runner": "7.3.1",
        "@pixi/settings": "7.3.1",
        "@pixi/ticker": "7.3.1",
        "@pixi/utils": "7.3.1",
        "@types/offscreencanvas": "^2019.6.4"
      },
      "funding": {
        "type": "opencollective",
        "url": "https://opencollective.com/pixijs"
      }
    },
    "node_modules/@pixi/display": {
      "version": "7.3.1",
      "license": "MIT",
      "peerDependencies": {
        "@pixi/core": "7.3.1"
      }
    },
    "node_modules/@pixi/events": {
      "version": "7.3.1",
      "license": "MIT",
      "peerDependencies": {
        "@pixi/core": "7.3.1",
        "@pixi/display": "7.3.1"
      }
    },
    "node_modules/@pixi/extensions": {
      "version": "7.3.1",
      "license": "MIT"
    },
    "node_modules/@pixi/extract": {
      "version": "7.3.1",
      "license": "MIT",
      "peerDependencies": {
        "@pixi/core": "7.3.1"
      }
    },
    "node_modules/@pixi/filter-alpha": {
      "version": "7.3.1",
      "license": "MIT",
      "peerDependencies": {
        "@pixi/core": "7.3.1"
      }
    },
    "node_modules/@pixi/filter-blur": {
      "version": "7.3.1",
      "license": "MIT",
      "peerDependencies": {
        "@pixi/core": "7.3.1"
      }
    },
    "node_modules/@pixi/filter-color-matrix": {
      "version": "7.3.1",
      "license": "MIT",
      "peerDependencies": {
        "@pixi/core": "7.3.1"
      }
    },
    "node_modules/@pixi/filter-displacement": {
      "version": "7.3.1",
      "license": "MIT",
      "peerDependencies": {
        "@pixi/core": "7.3.1"
      }
    },
    "node_modules/@pixi/filter-fxaa": {
      "version": "7.3.1",
      "license": "MIT",
      "peerDependencies": {
        "@pixi/core": "7.3.1"
      }
    },
    "node_modules/@pixi/filter-noise": {
      "version": "7.3.1",
      "license": "MIT",
      "peerDependencies": {
        "@pixi/core": "7.3.1"
      }
    },
    "node_modules/@pixi/graphics": {
      "version": "7.3.1",
      "license": "MIT",
      "peerDependencies": {
        "@pixi/core": "7.3.1",
        "@pixi/display": "7.3.1",
        "@pixi/sprite": "7.3.1"
      }
    },
    "node_modules/@pixi/math": {
      "version": "7.3.1",
      "license": "MIT"
    },
    "node_modules/@pixi/mesh": {
      "version": "7.3.1",
      "license": "MIT",
      "peerDependencies": {
        "@pixi/core": "7.3.1",
        "@pixi/display": "7.3.1"
      }
    },
    "node_modules/@pixi/mesh-extras": {
      "version": "7.3.1",
      "license": "MIT",
      "peerDependencies": {
        "@pixi/core": "7.3.1",
        "@pixi/mesh": "7.3.1"
      }
    },
    "node_modules/@pixi/mixin-cache-as-bitmap": {
      "version": "7.3.1",
      "license": "MIT",
      "peerDependencies": {
        "@pixi/core": "7.3.1",
        "@pixi/display": "7.3.1",
        "@pixi/sprite": "7.3.1"
      }
    },
    "node_modules/@pixi/mixin-get-child-by-name": {
      "version": "7.3.1",
      "license": "MIT",
      "peerDependencies": {
        "@pixi/display": "7.3.1"
      }
    },
    "node_modules/@pixi/mixin-get-global-position": {
      "version": "7.3.1",
      "license": "MIT",
      "peerDependencies": {
        "@pixi/core": "7.3.1",
        "@pixi/display": "7.3.1"
      }
    },
    "node_modules/@pixi/particle-container": {
      "version": "7.3.1",
      "license": "MIT",
      "peerDependencies": {
        "@pixi/core": "7.3.1",
        "@pixi/display": "7.3.1",
        "@pixi/sprite": "7.3.1"
      }
    },
    "node_modules/@pixi/prepare": {
      "version": "7.3.1",
      "license": "MIT",
      "peerDependencies": {
        "@pixi/core": "7.3.1",
        "@pixi/display": "7.3.1",
        "@pixi/graphics": "7.3.1",
        "@pixi/text": "7.3.1"
      }
    },
    "node_modules/@pixi/runner": {
      "version": "7.3.1",
      "license": "MIT"
    },
    "node_modules/@pixi/settings": {
      "version": "7.3.1",
      "license": "MIT",
      "dependencies": {
        "@pixi/constants": "7.3.1",
        "@types/css-font-loading-module": "^0.0.7",
        "ismobilejs": "^1.1.0"
      }
    },
    "node_modules/@pixi/sprite": {
      "version": "7.3.1",
      "license": "MIT",
      "peerDependencies": {
        "@pixi/core": "7.3.1",
        "@pixi/display": "7.3.1"
      }
    },
    "node_modules/@pixi/sprite-animated": {
      "version": "7.3.1",
      "license": "MIT",
      "peerDependencies": {
        "@pixi/core": "7.3.1",
        "@pixi/sprite": "7.3.1"
      }
    },
    "node_modules/@pixi/sprite-tiling": {
      "version": "7.3.1",
      "license": "MIT",
      "peerDependencies": {
        "@pixi/core": "7.3.1",
        "@pixi/display": "7.3.1",
        "@pixi/sprite": "7.3.1"
      }
    },
    "node_modules/@pixi/spritesheet": {
      "version": "7.3.1",
      "license": "MIT",
      "peerDependencies": {
        "@pixi/assets": "7.3.1",
        "@pixi/core": "7.3.1"
      }
    },
    "node_modules/@pixi/text": {
      "version": "7.3.1",
      "license": "MIT",
      "peerDependencies": {
        "@pixi/core": "7.3.1",
        "@pixi/sprite": "7.3.1"
      }
    },
    "node_modules/@pixi/text-bitmap": {
      "version": "7.3.1",
      "license": "MIT",
      "peerDependencies": {
        "@pixi/assets": "7.3.1",
        "@pixi/core": "7.3.1",
        "@pixi/display": "7.3.1",
        "@pixi/mesh": "7.3.1",
        "@pixi/text": "7.3.1"
      }
    },
    "node_modules/@pixi/text-html": {
      "version": "7.3.1",
      "license": "MIT",
      "peerDependencies": {
        "@pixi/core": "7.3.1",
        "@pixi/display": "7.3.1",
        "@pixi/sprite": "7.3.1",
        "@pixi/text": "7.3.1"
      }
    },
    "node_modules/@pixi/ticker": {
      "version": "7.3.1",
      "license": "MIT",
      "dependencies": {
        "@pixi/extensions": "7.3.1",
        "@pixi/settings": "7.3.1",
        "@pixi/utils": "7.3.1"
      }
    },
    "node_modules/@pixi/utils": {
      "version": "7.3.1",
      "license": "MIT",
      "dependencies": {
        "@pixi/color": "7.3.1",
        "@pixi/constants": "7.3.1",
        "@pixi/settings": "7.3.1",
        "@types/earcut": "^2.1.0",
        "earcut": "^2.2.4",
        "eventemitter3": "^4.0.0",
        "url": "^0.11.0"
      }
    },
    "node_modules/@types/css-font-loading-module": {
      "version": "0.0.7",
      "license": "MIT"
    },
    "node_modules/@types/earcut": {
      "version": "2.1.2",
      "license": "MIT"
    },
    "node_modules/@types/node": {
      "version": "20.8.3",
      "devOptional": true,
      "license": "MIT"
    },
    "node_modules/@types/offscreencanvas": {
      "version": "2019.7.1",
      "license": "MIT"
    },
    "node_modules/@types/prop-types": {
      "version": "15.7.8",
      "dev": true,
      "license": "MIT"
    },
    "node_modules/@types/react": {
      "version": "18.2.25",
      "dev": true,
      "license": "MIT",
      "dependencies": {
        "@types/prop-types": "*",
        "@types/scheduler": "*",
        "csstype": "^3.0.2"
      }
    },
    "node_modules/@types/scheduler": {
      "version": "0.16.4",
      "dev": true,
      "license": "MIT"
    },
    "node_modules/ansi-regex": {
      "version": "5.0.1",
      "dev": true,
      "license": "MIT",
      "engines": {
        "node": ">=8"
      }
    },
    "node_modules/ansi-styles": {
      "version": "4.3.0",
      "dev": true,
      "license": "MIT",
      "dependencies": {
        "color-convert": "^2.0.1"
      },
      "engines": {
        "node": ">=8"
      },
      "funding": {
        "url": "https://github.com/chalk/ansi-styles?sponsor=1"
      }
    },
    "node_modules/bun-types": {
      "version": "1.0.7",
      "resolved": "https://registry.npmjs.org/bun-types/-/bun-types-1.0.7.tgz",
      "integrity": "sha512-zlIp+SCutbbugs6xDy+3WC3KO3zKySpF/bRfiTk/VJUdKt+WHAzlCtLplS7XglRYDFzhRhlzXMW/R5BHkw+u2Q==",
      "dev": true
    },
    "node_modules/call-bind": {
      "version": "1.0.2",
      "license": "MIT",
      "dependencies": {
        "function-bind": "^1.1.1",
        "get-intrinsic": "^1.0.2"
      },
      "funding": {
        "url": "https://github.com/sponsors/ljharb"
      }
    },
    "node_modules/chalk": {
      "version": "4.1.2",
      "dev": true,
      "license": "MIT",
      "dependencies": {
        "ansi-styles": "^4.1.0",
        "supports-color": "^7.1.0"
      },
      "engines": {
        "node": ">=10"
      },
      "funding": {
        "url": "https://github.com/chalk/chalk?sponsor=1"
      }
    },
    "node_modules/chalk/node_modules/supports-color": {
      "version": "7.2.0",
      "dev": true,
      "license": "MIT",
      "dependencies": {
        "has-flag": "^4.0.0"
      },
      "engines": {
        "node": ">=8"
      }
    },
    "node_modules/cliui": {
      "version": "8.0.1",
      "dev": true,
      "license": "ISC",
      "dependencies": {
        "string-width": "^4.2.0",
        "strip-ansi": "^6.0.1",
        "wrap-ansi": "^7.0.0"
      },
      "engines": {
        "node": ">=12"
      }
    },
    "node_modules/color-convert": {
      "version": "2.0.1",
      "dev": true,
      "license": "MIT",
      "dependencies": {
        "color-name": "~1.1.4"
      },
      "engines": {
        "node": ">=7.0.0"
      }
    },
    "node_modules/color-name": {
      "version": "1.1.4",
      "dev": true,
      "license": "MIT"
    },
    "node_modules/concurrently": {
      "version": "8.2.1",
      "dev": true,
      "license": "MIT",
      "dependencies": {
        "chalk": "^4.1.2",
        "date-fns": "^2.30.0",
        "lodash": "^4.17.21",
        "rxjs": "^7.8.1",
        "shell-quote": "^1.8.1",
        "spawn-command": "0.0.2",
        "supports-color": "^8.1.1",
        "tree-kill": "^1.2.2",
        "yargs": "^17.7.2"
      },
      "bin": {
        "conc": "dist/bin/concurrently.js",
        "concurrently": "dist/bin/concurrently.js"
      },
      "engines": {
        "node": "^14.13.0 || >=16.0.0"
      },
      "funding": {
        "url": "https://github.com/open-cli-tools/concurrently?sponsor=1"
      }
    },
    "node_modules/csstype": {
      "version": "3.1.2",
      "dev": true,
      "license": "MIT"
    },
    "node_modules/date-fns": {
      "version": "2.30.0",
      "dev": true,
      "license": "MIT",
      "dependencies": {
        "@babel/runtime": "^7.21.0"
      },
      "engines": {
        "node": ">=0.11"
      },
      "funding": {
        "type": "opencollective",
        "url": "https://opencollective.com/date-fns"
      }
    },
    "node_modules/earcut": {
      "version": "2.2.4",
      "license": "ISC"
    },
    "node_modules/emoji-regex": {
      "version": "8.0.0",
      "dev": true,
      "license": "MIT"
    },
    "node_modules/esbuild": {
      "version": "0.18.20",
      "hasInstallScript": true,
      "license": "MIT",
      "bin": {
        "esbuild": "bin/esbuild"
      },
      "engines": {
        "node": ">=12"
      },
      "optionalDependencies": {
        "@esbuild/android-arm": "0.18.20",
        "@esbuild/android-arm64": "0.18.20",
        "@esbuild/android-x64": "0.18.20",
        "@esbuild/darwin-arm64": "0.18.20",
        "@esbuild/darwin-x64": "0.18.20",
        "@esbuild/freebsd-arm64": "0.18.20",
        "@esbuild/freebsd-x64": "0.18.20",
        "@esbuild/linux-arm": "0.18.20",
        "@esbuild/linux-arm64": "0.18.20",
        "@esbuild/linux-ia32": "0.18.20",
        "@esbuild/linux-loong64": "0.18.20",
        "@esbuild/linux-mips64el": "0.18.20",
        "@esbuild/linux-ppc64": "0.18.20",
        "@esbuild/linux-riscv64": "0.18.20",
        "@esbuild/linux-s390x": "0.18.20",
        "@esbuild/linux-x64": "0.18.20",
        "@esbuild/netbsd-x64": "0.18.20",
        "@esbuild/openbsd-x64": "0.18.20",
        "@esbuild/sunos-x64": "0.18.20",
        "@esbuild/win32-arm64": "0.18.20",
        "@esbuild/win32-ia32": "0.18.20",
        "@esbuild/win32-x64": "0.18.20"
      }
    },
    "node_modules/escalade": {
      "version": "3.1.1",
      "dev": true,
      "license": "MIT",
      "engines": {
        "node": ">=6"
      }
    },
    "node_modules/esm-env": {
      "version": "1.0.0",
      "resolved": "https://registry.npmjs.org/esm-env/-/esm-env-1.0.0.tgz",
      "integrity": "sha512-Cf6VksWPsTuW01vU9Mk/3vRue91Zevka5SjyNf3nEpokFRuqt/KjUQoGAwq9qMmhpLTHmXzSIrFRw8zxWzmFBA=="
    },
    "node_modules/eventemitter3": {
      "version": "4.0.7",
      "license": "MIT"
    },
    "node_modules/fsevents": {
      "version": "2.3.3",
      "license": "MIT",
      "optional": true,
      "os": [
        "darwin"
      ],
      "engines": {
        "node": "^8.16.0 || ^10.6.0 || >=11.0.0"
      }
    },
    "node_modules/function-bind": {
      "version": "1.1.1",
      "license": "MIT"
    },
    "node_modules/get-caller-file": {
      "version": "2.0.5",
      "dev": true,
      "license": "ISC",
      "engines": {
        "node": "6.* || 8.* || >= 10.*"
      }
    },
    "node_modules/get-intrinsic": {
      "version": "1.2.1",
      "license": "MIT",
      "dependencies": {
        "function-bind": "^1.1.1",
        "has": "^1.0.3",
        "has-proto": "^1.0.1",
        "has-symbols": "^1.0.3"
      },
      "funding": {
        "url": "https://github.com/sponsors/ljharb"
      }
    },
    "node_modules/has": {
      "version": "1.0.4",
      "license": "MIT",
      "engines": {
        "node": ">= 0.4.0"
      }
    },
    "node_modules/has-flag": {
      "version": "4.0.0",
      "dev": true,
      "license": "MIT",
      "engines": {
        "node": ">=8"
      }
    },
    "node_modules/has-proto": {
      "version": "1.0.1",
      "license": "MIT",
      "engines": {
        "node": ">= 0.4"
      },
      "funding": {
        "url": "https://github.com/sponsors/ljharb"
      }
    },
    "node_modules/has-symbols": {
      "version": "1.0.3",
      "license": "MIT",
      "engines": {
        "node": ">= 0.4"
      },
      "funding": {
        "url": "https://github.com/sponsors/ljharb"
      }
    },
    "node_modules/is-fullwidth-code-point": {
      "version": "3.0.0",
      "dev": true,
      "license": "MIT",
      "engines": {
        "node": ">=8"
      }
    },
    "node_modules/ismobilejs": {
      "version": "1.1.1",
      "license": "MIT"
    },
    "node_modules/js-tokens": {
      "version": "4.0.0",
      "license": "MIT"
    },
    "node_modules/lodash": {
      "version": "4.17.21",
      "dev": true,
      "license": "MIT"
    },
    "node_modules/loose-envify": {
      "version": "1.4.0",
      "license": "MIT",
      "dependencies": {
        "js-tokens": "^3.0.0 || ^4.0.0"
      },
      "bin": {
        "loose-envify": "cli.js"
      }
    },
    "node_modules/nanoid": {
      "version": "3.3.6",
      "funding": [
        {
          "type": "github",
          "url": "https://github.com/sponsors/ai"
        }
      ],
      "license": "MIT",
      "bin": {
        "nanoid": "bin/nanoid.cjs"
      },
      "engines": {
        "node": "^10 || ^12 || ^13.7 || ^14 || >=15.0.1"
      }
    },
    "node_modules/object-inspect": {
      "version": "1.12.3",
      "license": "MIT",
      "funding": {
        "url": "https://github.com/sponsors/ljharb"
      }
    },
    "node_modules/picocolors": {
      "version": "1.0.0",
      "license": "ISC"
    },
    "node_modules/pixi-viewport": {
      "version": "5.0.2",
      "resolved": "https://registry.npmjs.org/pixi-viewport/-/pixi-viewport-5.0.2.tgz",
      "integrity": "sha512-U77KnCTl81xEgxEQRFEuI7MYVySWwCVkA41EnM8KiOYwgVOwdBUa7318O+u61IOnTwnoYLzaihy/kpoONKU13Q=="
    },
    "node_modules/pixi.js": {
      "version": "7.3.1",
      "license": "MIT",
      "dependencies": {
        "@pixi/accessibility": "7.3.1",
        "@pixi/app": "7.3.1",
        "@pixi/assets": "7.3.1",
        "@pixi/compressed-textures": "7.3.1",
        "@pixi/core": "7.3.1",
        "@pixi/display": "7.3.1",
        "@pixi/events": "7.3.1",
        "@pixi/extensions": "7.3.1",
        "@pixi/extract": "7.3.1",
        "@pixi/filter-alpha": "7.3.1",
        "@pixi/filter-blur": "7.3.1",
        "@pixi/filter-color-matrix": "7.3.1",
        "@pixi/filter-displacement": "7.3.1",
        "@pixi/filter-fxaa": "7.3.1",
        "@pixi/filter-noise": "7.3.1",
        "@pixi/graphics": "7.3.1",
        "@pixi/mesh": "7.3.1",
        "@pixi/mesh-extras": "7.3.1",
        "@pixi/mixin-cache-as-bitmap": "7.3.1",
        "@pixi/mixin-get-child-by-name": "7.3.1",
        "@pixi/mixin-get-global-position": "7.3.1",
        "@pixi/particle-container": "7.3.1",
        "@pixi/prepare": "7.3.1",
        "@pixi/sprite": "7.3.1",
        "@pixi/sprite-animated": "7.3.1",
        "@pixi/sprite-tiling": "7.3.1",
        "@pixi/spritesheet": "7.3.1",
        "@pixi/text": "7.3.1",
        "@pixi/text-bitmap": "7.3.1",
        "@pixi/text-html": "7.3.1"
      },
      "funding": {
        "type": "opencollective",
        "url": "https://opencollective.com/pixijs"
      }
    },
    "node_modules/postcss": {
      "version": "8.4.31",
      "funding": [
        {
          "type": "opencollective",
          "url": "https://opencollective.com/postcss/"
        },
        {
          "type": "tidelift",
          "url": "https://tidelift.com/funding/github/npm/postcss"
        },
        {
          "type": "github",
          "url": "https://github.com/sponsors/ai"
        }
      ],
      "license": "MIT",
      "dependencies": {
        "nanoid": "^3.3.6",
        "picocolors": "^1.0.0",
        "source-map-js": "^1.0.2"
      },
      "engines": {
        "node": "^10 || ^12 || >=14"
      }
    },
    "node_modules/punycode": {
      "version": "1.4.1",
      "license": "MIT"
    },
    "node_modules/qs": {
      "version": "6.11.2",
      "license": "BSD-3-Clause",
      "dependencies": {
        "side-channel": "^1.0.4"
      },
      "engines": {
        "node": ">=0.6"
      },
      "funding": {
        "url": "https://github.com/sponsors/ljharb"
      }
    },
    "node_modules/react": {
      "version": "18.2.0",
      "license": "MIT",
      "dependencies": {
        "loose-envify": "^1.1.0"
      },
      "engines": {
        "node": ">=0.10.0"
      }
    },
    "node_modules/regenerator-runtime": {
      "version": "0.14.0",
      "dev": true,
      "license": "MIT"
    },
    "node_modules/require-directory": {
      "version": "2.1.1",
      "dev": true,
      "license": "MIT",
      "engines": {
        "node": ">=0.10.0"
      }
    },
    "node_modules/rollup": {
      "version": "3.29.4",
      "license": "MIT",
      "bin": {
        "rollup": "dist/bin/rollup"
      },
      "engines": {
        "node": ">=14.18.0",
        "npm": ">=8.0.0"
      },
      "optionalDependencies": {
        "fsevents": "~2.3.2"
      }
    },
    "node_modules/rxjs": {
      "version": "7.8.1",
      "dev": true,
      "license": "Apache-2.0",
      "dependencies": {
        "tslib": "^2.1.0"
      }
    },
    "node_modules/shell-quote": {
      "version": "1.8.1",
      "dev": true,
      "license": "MIT",
      "funding": {
        "url": "https://github.com/sponsors/ljharb"
      }
    },
    "node_modules/side-channel": {
      "version": "1.0.4",
      "license": "MIT",
      "dependencies": {
        "call-bind": "^1.0.0",
        "get-intrinsic": "^1.0.2",
        "object-inspect": "^1.9.0"
      },
      "funding": {
        "url": "https://github.com/sponsors/ljharb"
      }
    },
    "node_modules/source-map-js": {
      "version": "1.0.2",
      "license": "BSD-3-Clause",
      "engines": {
        "node": ">=0.10.0"
      }
    },
    "node_modules/spawn-command": {
      "version": "0.0.2",
      "dev": true
    },
    "node_modules/string-width": {
      "version": "4.2.3",
      "dev": true,
      "license": "MIT",
      "dependencies": {
        "emoji-regex": "^8.0.0",
        "is-fullwidth-code-point": "^3.0.0",
        "strip-ansi": "^6.0.1"
      },
      "engines": {
        "node": ">=8"
      }
    },
    "node_modules/strip-ansi": {
      "version": "6.0.1",
      "dev": true,
      "license": "MIT",
      "dependencies": {
        "ansi-regex": "^5.0.1"
      },
      "engines": {
        "node": ">=8"
      }
    },
    "node_modules/supports-color": {
      "version": "8.1.1",
      "dev": true,
      "license": "MIT",
      "dependencies": {
        "has-flag": "^4.0.0"
      },
      "engines": {
        "node": ">=10"
      },
      "funding": {
        "url": "https://github.com/chalk/supports-color?sponsor=1"
      }
    },
    "node_modules/thyseus": {
      "version": "0.15.0",
      "resolved": "https://registry.npmjs.org/thyseus/-/thyseus-0.15.0.tgz",
      "integrity": "sha512-NUESYkk/Fiz/oqv3ywfO8oon5hg11zrFQjNSorGe5Mj9fHUTrojzG/dh4VXf4xIia3+PwnCf3XewgU6eLWqYSw==",
      "dependencies": {
        "esm-env": "^1.0.0"
      }
    },
    "node_modules/tree-kill": {
      "version": "1.2.2",
      "dev": true,
      "license": "MIT",
      "bin": {
        "tree-kill": "cli.js"
      }
    },
    "node_modules/tslib": {
      "version": "2.6.2",
      "dev": true,
      "license": "0BSD"
    },
    "node_modules/typescript": {
      "version": "5.2.2",
      "resolved": "https://registry.npmjs.org/typescript/-/typescript-5.2.2.tgz",
      "integrity": "sha512-mI4WrpHsbCIcwT9cF4FZvr80QUeKvsUsUvKDoR+X/7XHQH98xYD8YHZg7ANtz2GtZt/CBq2QJ0thkGJMHfqc1w==",
      "peer": true,
      "bin": {
        "tsc": "bin/tsc",
        "tsserver": "bin/tsserver"
      },
      "engines": {
        "node": ">=14.17"
      }
    },
    "node_modules/url": {
      "version": "0.11.3",
      "license": "MIT",
      "dependencies": {
        "punycode": "^1.4.1",
        "qs": "^6.11.2"
      }
    },
    "node_modules/vite": {
      "version": "4.4.11",
      "license": "MIT",
      "dependencies": {
        "esbuild": "^0.18.10",
        "postcss": "^8.4.27",
        "rollup": "^3.27.1"
      },
      "bin": {
        "vite": "bin/vite.js"
      },
      "engines": {
        "node": "^14.18.0 || >=16.0.0"
      },
      "funding": {
        "url": "https://github.com/vitejs/vite?sponsor=1"
      },
      "optionalDependencies": {
        "fsevents": "~2.3.2"
      },
      "peerDependencies": {
        "@types/node": ">= 14",
        "less": "*",
        "lightningcss": "^1.21.0",
        "sass": "*",
        "stylus": "*",
        "sugarss": "*",
        "terser": "^5.4.0"
      },
      "peerDependenciesMeta": {
        "@types/node": {
          "optional": true
        },
        "less": {
          "optional": true
        },
        "lightningcss": {
          "optional": true
        },
        "sass": {
          "optional": true
        },
        "stylus": {
          "optional": true
        },
        "sugarss": {
          "optional": true
        },
        "terser": {
          "optional": true
        }
      }
    },
    "node_modules/wrap-ansi": {
      "version": "7.0.0",
      "dev": true,
      "license": "MIT",
      "dependencies": {
        "ansi-styles": "^4.0.0",
        "string-width": "^4.1.0",
        "strip-ansi": "^6.0.0"
      },
      "engines": {
        "node": ">=10"
      },
      "funding": {
        "url": "https://github.com/chalk/wrap-ansi?sponsor=1"
      }
    },
    "node_modules/y18n": {
      "version": "5.0.8",
      "dev": true,
      "license": "ISC",
      "engines": {
        "node": ">=10"
      }
    },
    "node_modules/yargs": {
      "version": "17.7.2",
      "dev": true,
      "license": "MIT",
      "dependencies": {
        "cliui": "^8.0.1",
        "escalade": "^3.1.1",
        "get-caller-file": "^2.0.5",
        "require-directory": "^2.1.1",
        "string-width": "^4.2.3",
        "y18n": "^5.0.5",
        "yargs-parser": "^21.1.1"
      },
      "engines": {
        "node": ">=12"
      }
    },
    "node_modules/yargs-parser": {
      "version": "21.1.1",
      "dev": true,
      "license": "ISC",
      "engines": {
        "node": ">=12"
      }
    }
  },
  "dependencies": {
    "@babel/runtime": {
      "version": "7.23.1",
      "dev": true,
      "requires": {
        "regenerator-runtime": "^0.14.0"
      }
    },
    "@esbuild/darwin-arm64": {
      "version": "0.18.20",
      "optional": true
    },
    "@pixi/accessibility": {
      "version": "7.3.1",
      "requires": {}
    },
    "@pixi/app": {
      "version": "7.3.1",
      "requires": {}
    },
    "@pixi/assets": {
      "version": "7.3.1",
      "requires": {
        "@types/css-font-loading-module": "^0.0.7"
      }
    },
    "@pixi/color": {
      "version": "7.3.1",
      "requires": {
        "@pixi/colord": "^2.9.4"
      }
    },
    "@pixi/colord": {
      "version": "2.9.6"
    },
    "@pixi/compressed-textures": {
      "version": "7.3.1",
      "requires": {}
    },
    "@pixi/constants": {
      "version": "7.3.1"
    },
    "@pixi/core": {
      "version": "7.3.1",
      "requires": {
        "@pixi/color": "7.3.1",
        "@pixi/constants": "7.3.1",
        "@pixi/extensions": "7.3.1",
        "@pixi/math": "7.3.1",
        "@pixi/runner": "7.3.1",
        "@pixi/settings": "7.3.1",
        "@pixi/ticker": "7.3.1",
        "@pixi/utils": "7.3.1",
        "@types/offscreencanvas": "^2019.6.4"
      }
    },
    "@pixi/display": {
      "version": "7.3.1",
      "requires": {}
    },
    "@pixi/events": {
      "version": "7.3.1",
      "requires": {}
    },
    "@pixi/extensions": {
      "version": "7.3.1"
    },
    "@pixi/extract": {
      "version": "7.3.1",
      "requires": {}
    },
    "@pixi/filter-alpha": {
      "version": "7.3.1",
      "requires": {}
    },
    "@pixi/filter-blur": {
      "version": "7.3.1",
      "requires": {}
    },
    "@pixi/filter-color-matrix": {
      "version": "7.3.1",
      "requires": {}
    },
    "@pixi/filter-displacement": {
      "version": "7.3.1",
      "requires": {}
    },
    "@pixi/filter-fxaa": {
      "version": "7.3.1",
      "requires": {}
    },
    "@pixi/filter-noise": {
      "version": "7.3.1",
      "requires": {}
    },
    "@pixi/graphics": {
      "version": "7.3.1",
      "requires": {}
    },
    "@pixi/math": {
      "version": "7.3.1"
    },
    "@pixi/mesh": {
      "version": "7.3.1",
      "requires": {}
    },
    "@pixi/mesh-extras": {
      "version": "7.3.1",
      "requires": {}
    },
    "@pixi/mixin-cache-as-bitmap": {
      "version": "7.3.1",
      "requires": {}
    },
    "@pixi/mixin-get-child-by-name": {
      "version": "7.3.1",
      "requires": {}
    },
    "@pixi/mixin-get-global-position": {
      "version": "7.3.1",
      "requires": {}
    },
    "@pixi/particle-container": {
      "version": "7.3.1",
      "requires": {}
    },
    "@pixi/prepare": {
      "version": "7.3.1",
      "requires": {}
    },
    "@pixi/runner": {
      "version": "7.3.1"
    },
    "@pixi/settings": {
      "version": "7.3.1",
      "requires": {
        "@pixi/constants": "7.3.1",
        "@types/css-font-loading-module": "^0.0.7",
        "ismobilejs": "^1.1.0"
      }
    },
    "@pixi/sprite": {
      "version": "7.3.1",
      "requires": {}
    },
    "@pixi/sprite-animated": {
      "version": "7.3.1",
      "requires": {}
    },
    "@pixi/sprite-tiling": {
      "version": "7.3.1",
      "requires": {}
    },
    "@pixi/spritesheet": {
      "version": "7.3.1",
      "requires": {}
    },
    "@pixi/text": {
      "version": "7.3.1",
      "requires": {}
    },
    "@pixi/text-bitmap": {
      "version": "7.3.1",
      "requires": {}
    },
    "@pixi/text-html": {
      "version": "7.3.1",
      "requires": {}
    },
    "@pixi/ticker": {
      "version": "7.3.1",
      "requires": {
        "@pixi/extensions": "7.3.1",
        "@pixi/settings": "7.3.1",
        "@pixi/utils": "7.3.1"
      }
    },
    "@pixi/utils": {
      "version": "7.3.1",
      "requires": {
        "@pixi/color": "7.3.1",
        "@pixi/constants": "7.3.1",
        "@pixi/settings": "7.3.1",
        "@types/earcut": "^2.1.0",
        "earcut": "^2.2.4",
        "eventemitter3": "^4.0.0",
        "url": "^0.11.0"
      }
    },
    "@types/css-font-loading-module": {
      "version": "0.0.7"
    },
    "@types/earcut": {
      "version": "2.1.2"
    },
    "@types/node": {
      "version": "20.8.3",
      "devOptional": true
    },
    "@types/offscreencanvas": {
      "version": "2019.7.1"
    },
    "@types/prop-types": {
      "version": "15.7.8",
      "dev": true
    },
    "@types/react": {
      "version": "18.2.25",
      "dev": true,
      "requires": {
        "@types/prop-types": "*",
        "@types/scheduler": "*",
        "csstype": "^3.0.2"
      }
    },
    "@types/scheduler": {
      "version": "0.16.4",
      "dev": true
    },
    "ansi-regex": {
      "version": "5.0.1",
      "dev": true
    },
    "ansi-styles": {
      "version": "4.3.0",
      "dev": true,
      "requires": {
        "color-convert": "^2.0.1"
      }
    },
    "bun-types": {
      "version": "1.0.7",
      "resolved": "https://registry.npmjs.org/bun-types/-/bun-types-1.0.7.tgz",
      "integrity": "sha512-zlIp+SCutbbugs6xDy+3WC3KO3zKySpF/bRfiTk/VJUdKt+WHAzlCtLplS7XglRYDFzhRhlzXMW/R5BHkw+u2Q==",
      "dev": true
    },
    "call-bind": {
      "version": "1.0.2",
      "requires": {
        "function-bind": "^1.1.1",
        "get-intrinsic": "^1.0.2"
      }
    },
    "chalk": {
      "version": "4.1.2",
      "dev": true,
      "requires": {
        "ansi-styles": "^4.1.0",
        "supports-color": "^7.1.0"
      },
      "dependencies": {
        "supports-color": {
          "version": "7.2.0",
          "dev": true,
          "requires": {
            "has-flag": "^4.0.0"
          }
        }
      }
    },
    "cliui": {
      "version": "8.0.1",
      "dev": true,
      "requires": {
        "string-width": "^4.2.0",
        "strip-ansi": "^6.0.1",
        "wrap-ansi": "^7.0.0"
      }
    },
    "color-convert": {
      "version": "2.0.1",
      "dev": true,
      "requires": {
        "color-name": "~1.1.4"
      }
    },
    "color-name": {
      "version": "1.1.4",
      "dev": true
    },
    "concurrently": {
      "version": "8.2.1",
      "dev": true,
      "requires": {
        "chalk": "^4.1.2",
        "date-fns": "^2.30.0",
        "lodash": "^4.17.21",
        "rxjs": "^7.8.1",
        "shell-quote": "^1.8.1",
        "spawn-command": "0.0.2",
        "supports-color": "^8.1.1",
        "tree-kill": "^1.2.2",
        "yargs": "^17.7.2"
      }
    },
    "csstype": {
      "version": "3.1.2",
      "dev": true
    },
    "date-fns": {
      "version": "2.30.0",
      "dev": true,
      "requires": {
        "@babel/runtime": "^7.21.0"
      }
    },
    "earcut": {
      "version": "2.2.4"
    },
    "emoji-regex": {
      "version": "8.0.0",
      "dev": true
    },
    "esbuild": {
      "version": "0.18.20",
      "requires": {
        "@esbuild/android-arm": "0.18.20",
        "@esbuild/android-arm64": "0.18.20",
        "@esbuild/android-x64": "0.18.20",
        "@esbuild/darwin-arm64": "0.18.20",
        "@esbuild/darwin-x64": "0.18.20",
        "@esbuild/freebsd-arm64": "0.18.20",
        "@esbuild/freebsd-x64": "0.18.20",
        "@esbuild/linux-arm": "0.18.20",
        "@esbuild/linux-arm64": "0.18.20",
        "@esbuild/linux-ia32": "0.18.20",
        "@esbuild/linux-loong64": "0.18.20",
        "@esbuild/linux-mips64el": "0.18.20",
        "@esbuild/linux-ppc64": "0.18.20",
        "@esbuild/linux-riscv64": "0.18.20",
        "@esbuild/linux-s390x": "0.18.20",
        "@esbuild/linux-x64": "0.18.20",
        "@esbuild/netbsd-x64": "0.18.20",
        "@esbuild/openbsd-x64": "0.18.20",
        "@esbuild/sunos-x64": "0.18.20",
        "@esbuild/win32-arm64": "0.18.20",
        "@esbuild/win32-ia32": "0.18.20",
        "@esbuild/win32-x64": "0.18.20"
      }
    },
    "escalade": {
      "version": "3.1.1",
      "dev": true
    },
    "esm-env": {
      "version": "1.0.0",
      "resolved": "https://registry.npmjs.org/esm-env/-/esm-env-1.0.0.tgz",
      "integrity": "sha512-Cf6VksWPsTuW01vU9Mk/3vRue91Zevka5SjyNf3nEpokFRuqt/KjUQoGAwq9qMmhpLTHmXzSIrFRw8zxWzmFBA=="
    },
    "eventemitter3": {
      "version": "4.0.7"
    },
    "fsevents": {
      "version": "2.3.3",
      "optional": true
    },
    "function-bind": {
      "version": "1.1.1"
    },
    "get-caller-file": {
      "version": "2.0.5",
      "dev": true
    },
    "get-intrinsic": {
      "version": "1.2.1",
      "requires": {
        "function-bind": "^1.1.1",
        "has": "^1.0.3",
        "has-proto": "^1.0.1",
        "has-symbols": "^1.0.3"
      }
    },
    "has": {
      "version": "1.0.4"
    },
    "has-flag": {
      "version": "4.0.0",
      "dev": true
    },
    "has-proto": {
      "version": "1.0.1"
    },
    "has-symbols": {
      "version": "1.0.3"
    },
    "is-fullwidth-code-point": {
      "version": "3.0.0",
      "dev": true
    },
    "ismobilejs": {
      "version": "1.1.1"
    },
    "js-tokens": {
      "version": "4.0.0"
    },
    "lodash": {
      "version": "4.17.21",
      "dev": true
    },
    "loose-envify": {
      "version": "1.4.0",
      "requires": {
        "js-tokens": "^3.0.0 || ^4.0.0"
      }
    },
    "nanoid": {
      "version": "3.3.6"
    },
    "object-inspect": {
      "version": "1.12.3"
    },
    "picocolors": {
      "version": "1.0.0"
    },
    "pixi-viewport": {
      "version": "5.0.2",
      "resolved": "https://registry.npmjs.org/pixi-viewport/-/pixi-viewport-5.0.2.tgz",
      "integrity": "sha512-U77KnCTl81xEgxEQRFEuI7MYVySWwCVkA41EnM8KiOYwgVOwdBUa7318O+u61IOnTwnoYLzaihy/kpoONKU13Q=="
    },
    "pixi.js": {
      "version": "7.3.1",
      "requires": {
        "@pixi/accessibility": "7.3.1",
        "@pixi/app": "7.3.1",
        "@pixi/assets": "7.3.1",
        "@pixi/compressed-textures": "7.3.1",
        "@pixi/core": "7.3.1",
        "@pixi/display": "7.3.1",
        "@pixi/events": "7.3.1",
        "@pixi/extensions": "7.3.1",
        "@pixi/extract": "7.3.1",
        "@pixi/filter-alpha": "7.3.1",
        "@pixi/filter-blur": "7.3.1",
        "@pixi/filter-color-matrix": "7.3.1",
        "@pixi/filter-displacement": "7.3.1",
        "@pixi/filter-fxaa": "7.3.1",
        "@pixi/filter-noise": "7.3.1",
        "@pixi/graphics": "7.3.1",
        "@pixi/mesh": "7.3.1",
        "@pixi/mesh-extras": "7.3.1",
        "@pixi/mixin-cache-as-bitmap": "7.3.1",
        "@pixi/mixin-get-child-by-name": "7.3.1",
        "@pixi/mixin-get-global-position": "7.3.1",
        "@pixi/particle-container": "7.3.1",
        "@pixi/prepare": "7.3.1",
        "@pixi/sprite": "7.3.1",
        "@pixi/sprite-animated": "7.3.1",
        "@pixi/sprite-tiling": "7.3.1",
        "@pixi/spritesheet": "7.3.1",
        "@pixi/text": "7.3.1",
        "@pixi/text-bitmap": "7.3.1",
        "@pixi/text-html": "7.3.1"
      }
    },
    "postcss": {
      "version": "8.4.31",
      "requires": {
        "nanoid": "^3.3.6",
        "picocolors": "^1.0.0",
        "source-map-js": "^1.0.2"
      }
    },
    "punycode": {
      "version": "1.4.1"
    },
    "qs": {
      "version": "6.11.2",
      "requires": {
        "side-channel": "^1.0.4"
      }
    },
    "react": {
      "version": "18.2.0",
      "requires": {
        "loose-envify": "^1.1.0"
      }
    },
    "regenerator-runtime": {
      "version": "0.14.0",
      "dev": true
    },
    "require-directory": {
      "version": "2.1.1",
      "dev": true
    },
    "rollup": {
      "version": "3.29.4",
      "requires": {
        "fsevents": "~2.3.2"
      }
    },
    "rxjs": {
      "version": "7.8.1",
      "dev": true,
      "requires": {
        "tslib": "^2.1.0"
      }
    },
    "shell-quote": {
      "version": "1.8.1",
      "dev": true
    },
    "side-channel": {
      "version": "1.0.4",
      "requires": {
        "call-bind": "^1.0.0",
        "get-intrinsic": "^1.0.2",
        "object-inspect": "^1.9.0"
      }
    },
    "source-map-js": {
      "version": "1.0.2"
    },
    "spawn-command": {
      "version": "0.0.2",
      "dev": true
    },
    "string-width": {
      "version": "4.2.3",
      "dev": true,
      "requires": {
        "emoji-regex": "^8.0.0",
        "is-fullwidth-code-point": "^3.0.0",
        "strip-ansi": "^6.0.1"
      }
    },
    "strip-ansi": {
      "version": "6.0.1",
      "dev": true,
      "requires": {
        "ansi-regex": "^5.0.1"
      }
    },
    "supports-color": {
      "version": "8.1.1",
      "dev": true,
      "requires": {
        "has-flag": "^4.0.0"
      }
    },
    "thyseus": {
      "version": "0.15.0",
      "resolved": "https://registry.npmjs.org/thyseus/-/thyseus-0.15.0.tgz",
      "integrity": "sha512-NUESYkk/Fiz/oqv3ywfO8oon5hg11zrFQjNSorGe5Mj9fHUTrojzG/dh4VXf4xIia3+PwnCf3XewgU6eLWqYSw==",
      "requires": {
        "esm-env": "^1.0.0"
      }
    },
    "tree-kill": {
      "version": "1.2.2",
      "dev": true
    },
    "tslib": {
      "version": "2.6.2",
      "dev": true
    },
    "typescript": {
      "version": "5.2.2",
      "resolved": "https://registry.npmjs.org/typescript/-/typescript-5.2.2.tgz",
      "integrity": "sha512-mI4WrpHsbCIcwT9cF4FZvr80QUeKvsUsUvKDoR+X/7XHQH98xYD8YHZg7ANtz2GtZt/CBq2QJ0thkGJMHfqc1w==",
      "peer": true
    },
    "url": {
      "version": "0.11.3",
      "requires": {
        "punycode": "^1.4.1",
        "qs": "^6.11.2"
      }
    },
    "vite": {
      "version": "4.4.11",
      "requires": {
        "esbuild": "^0.18.10",
        "fsevents": "~2.3.2",
        "postcss": "^8.4.27",
        "rollup": "^3.27.1"
      }
    },
    "wrap-ansi": {
      "version": "7.0.0",
      "dev": true,
      "requires": {
        "ansi-styles": "^4.0.0",
        "string-width": "^4.1.0",
        "strip-ansi": "^6.0.0"
      }
    },
    "y18n": {
      "version": "5.0.8",
      "dev": true
    },
    "yargs": {
      "version": "17.7.2",
      "dev": true,
      "requires": {
        "cliui": "^8.0.1",
        "escalade": "^3.1.1",
        "get-caller-file": "^2.0.5",
        "require-directory": "^2.1.1",
        "string-width": "^4.2.3",
        "y18n": "^5.0.5",
        "yargs-parser": "^21.1.1"
      }
    },
    "yargs-parser": {
      "version": "21.1.1",
      "dev": true
    }
  }
}
